
Microsoft Visual Studio Solution File, Format Version 12.00
# Visual Studio Version 17
VisualStudioVersion = 17.0.31521.260
MinimumVisualStudioVersion = 10.0.40219.1
Project("{2150E333-8FDC-42A3-9474-1A3956D46DE8}") = "src", "src", "{ABCB7D54-51FF-4CC6-A366-9F5CB4C8E98E}"
EndProject
Project("{2150E333-8FDC-42A3-9474-1A3956D46DE8}") = "tests", "tests", "{39F01721-8523-4C62-9A44-EC03C52C9BDD}"
EndProject
Project("{2150E333-8FDC-42A3-9474-1A3956D46DE8}") = "Domain", "Domain", "{A0190A0E-2849-4A16-A6FA-1ED0E306FF26}"
EndProject
Project("{2150E333-8FDC-42A3-9474-1A3956D46DE8}") = "Infrastructure", "Infrastructure", "{3D61E4F6-7ED3-4C4C-AE24-0F9CCC029735}"
EndProject
Project("{2150E333-8FDC-42A3-9474-1A3956D46DE8}") = "Adapters", "Adapters", "{2C11FF27-C2A0-4BD6-90C1-58246308F8D5}"
EndProject
Project("{2150E333-8FDC-42A3-9474-1A3956D46DE8}") = "App", "App", "{A55F974E-5707-4109-BE57-7FDB279785CE}"
EndProject
Project("{9A19103F-16F7-4668-BE54-9A1E7A4F7556}") = "AwesomeTodoList.UnitTests", "tests\AwesomeTodoList.UnitTests\AwesomeTodoList.UnitTests.csproj", "{B89297AE-CEFF-44FF-BAB7-84D1BEE59299}"
EndProject
Project("{9A19103F-16F7-4668-BE54-9A1E7A4F7556}") = "AwesomeTodoList.Domain", "src\Domain\AwesomeTodoList.Domain\AwesomeTodoList.Domain.csproj", "{A068809A-2007-4498-82E0-7F603AF78BD9}"
EndProject
Project("{9A19103F-16F7-4668-BE54-9A1E7A4F7556}") = "AwesomeToDoList.Adapters", "src\Adapters\AwesomeToDoList.Adapters\AwesomeToDoList.Adapters.csproj", "{96590128-059E-464C-985B-A4868A75365A}"
EndProject
Project("{9A19103F-16F7-4668-BE54-9A1E7A4F7556}") = "AwesomeToDoList.Data", "src\Infrastructure\AwesomeToDoList.Data\AwesomeToDoList.Data.csproj", "{5F760C6A-8885-4368-9BF7-BBECEBB481E2}"
EndProject
Project("{9A19103F-16F7-4668-BE54-9A1E7A4F7556}") = "AwesomeTodoList.WebApp", "src\App\AwesomeTodoList.WebApp\AwesomeTodoList.WebApp.csproj", "{80F94499-3709-487C-920C-16B7E72CC143}"
EndProject
Project("{9A19103F-16F7-4668-BE54-9A1E7A4F7556}") = "AwesomeTodoList.ServicesConfiguration", "src\Infrastructure\AwesomeTodoList.ServicesConfiguration\AwesomeTodoList.ServicesConfiguration.csproj", "{9B556166-A3EC-4AA2-A5C5-4D040A3984AF}"
EndProject
Global
	GlobalSection(SolutionConfigurationPlatforms) = preSolution
		Debug|Any CPU = Debug|Any CPU
		Release|Any CPU = Release|Any CPU
	EndGlobalSection
	GlobalSection(ProjectConfigurationPlatforms) = postSolution
		{B89297AE-CEFF-44FF-BAB7-84D1BEE59299}.Debug|Any CPU.ActiveCfg = Debug|Any CPU
		{B89297AE-CEFF-44FF-BAB7-84D1BEE59299}.Debug|Any CPU.Build.0 = Debug|Any CPU
		{B89297AE-CEFF-44FF-BAB7-84D1BEE59299}.Release|Any CPU.ActiveCfg = Release|Any CPU
		{B89297AE-CEFF-44FF-BAB7-84D1BEE59299}.Release|Any CPU.Build.0 = Release|Any CPU
		{A068809A-2007-4498-82E0-7F603AF78BD9}.Debug|Any CPU.ActiveCfg = Debug|Any CPU
		{A068809A-2007-4498-82E0-7F603AF78BD9}.Debug|Any CPU.Build.0 = Debug|Any CPU
		{A068809A-2007-4498-82E0-7F603AF78BD9}.Release|Any CPU.ActiveCfg = Release|Any CPU
		{A068809A-2007-4498-82E0-7F603AF78BD9}.Release|Any CPU.Build.0 = Release|Any CPU
		{96590128-059E-464C-985B-A4868A75365A}.Debug|Any CPU.ActiveCfg = Debug|Any CPU
		{96590128-059E-464C-985B-A4868A75365A}.Debug|Any CPU.Build.0 = Debug|Any CPU
		{96590128-059E-464C-985B-A4868A75365A}.Release|Any CPU.ActiveCfg = Release|Any CPU
		{96590128-059E-464C-985B-A4868A75365A}.Release|Any CPU.Build.0 = Release|Any CPU
		{5F760C6A-8885-4368-9BF7-BBECEBB481E2}.Debug|Any CPU.ActiveCfg = Debug|Any CPU
		{5F760C6A-8885-4368-9BF7-BBECEBB481E2}.Debug|Any CPU.Build.0 = Debug|Any CPU
		{5F760C6A-8885-4368-9BF7-BBECEBB481E2}.Release|Any CPU.ActiveCfg = Release|Any CPU
		{5F760C6A-8885-4368-9BF7-BBECEBB481E2}.Release|Any CPU.Build.0 = Release|Any CPU
		{80F94499-3709-487C-920C-16B7E72CC143}.Debug|Any CPU.ActiveCfg = Debug|Any CPU
		{80F94499-3709-487C-920C-16B7E72CC143}.Debug|Any CPU.Build.0 = Debug|Any CPU
		{80F94499-3709-487C-920C-16B7E72CC143}.Release|Any CPU.ActiveCfg = Release|Any CPU
		{80F94499-3709-487C-920C-16B7E72CC143}.Release|Any CPU.Build.0 = Release|Any CPU
		{9B556166-A3EC-4AA2-A5C5-4D040A3984AF}.Debug|Any CPU.ActiveCfg = Debug|Any CPU
		{9B556166-A3EC-4AA2-A5C5-4D040A3984AF}.Debug|Any CPU.Build.0 = Debug|Any CPU
		{9B556166-A3EC-4AA2-A5C5-4D040A3984AF}.Release|Any CPU.ActiveCfg = Release|Any CPU
		{9B556166-A3EC-4AA2-A5C5-4D040A3984AF}.Release|Any CPU.Build.0 = Release|Any CPU
	EndGlobalSection
	GlobalSection(SolutionProperties) = preSolution
		HideSolutionNode = FALSE
	EndGlobalSection
	GlobalSection(NestedProjects) = preSolution
		{A0190A0E-2849-4A16-A6FA-1ED0E306FF26} = {ABCB7D54-51FF-4CC6-A366-9F5CB4C8E98E}
		{3D61E4F6-7ED3-4C4C-AE24-0F9CCC029735} = {ABCB7D54-51FF-4CC6-A366-9F5CB4C8E98E}
		{2C11FF27-C2A0-4BD6-90C1-58246308F8D5} = {ABCB7D54-51FF-4CC6-A366-9F5CB4C8E98E}
		{A55F974E-5707-4109-BE57-7FDB279785CE} = {ABCB7D54-51FF-4CC6-A366-9F5CB4C8E98E}
		{B89297AE-CEFF-44FF-BAB7-84D1BEE59299} = {39F01721-8523-4C62-9A44-EC03C52C9BDD}
		{A068809A-2007-4498-82E0-7F603AF78BD9} = {A0190A0E-2849-4A16-A6FA-1ED0E306FF26}
		{96590128-059E-464C-985B-A4868A75365A} = {2C11FF27-C2A0-4BD6-90C1-58246308F8D5}
		{5F760C6A-8885-4368-9BF7-BBECEBB481E2} = {3D61E4F6-7ED3-4C4C-AE24-0F9CCC029735}
		{80F94499-3709-487C-920C-16B7E72CC143} = {A55F974E-5707-4109-BE57-7FDB279785CE}
		{9B556166-A3EC-4AA2-A5C5-4D040A3984AF} = {3D61E4F6-7ED3-4C4C-AE24-0F9CCC029735}
	EndGlobalSection
	GlobalSection(ExtensibilityGlobals) = postSolution
		SolutionGuid = {9070F39B-3338-4A08-855C-22F53968EFFD}
	EndGlobalSection
EndGlobal
